// !$*UTF8*$!
{
	archiveVersion = 1;
	classes = {
	};
	objectVersion = 77;
	objects = {

/* Begin PBXBuildFile section */
		9AC96B3F2ED82DF700BAD6ED /* whisper.xcframework in Frameworks */ = {isa = PBXBuildFile; fileRef = 9AC96B3D2ED82D4D00BAD6ED /* whisper.xcframework */; };
		9AC96B402ED82DF700BAD6ED /* whisper.xcframework in Embed Frameworks */ = {isa = PBXBuildFile; fileRef = 9AC96B3D2ED82D4D00BAD6ED /* whisper.xcframework */; settings = {ATTRIBUTES = (CodeSignOnCopy, RemoveHeadersOnCopy, ); }; };
		E11BBA4E2E5DC555000AB839 /* FluidAudio in Frameworks */ = {isa = PBXBuildFile; productRef = E11BBA4D2E5DC555000AB839 /* FluidAudio */; };
		E1342C1F2EB4844800CED8A2 /* Atomics in Frameworks */ = {isa = PBXBuildFile; productRef = E1342C1E2EB4844800CED8A2 /* Atomics */; };
		E1A261122CC143AC00B233D1 /* KeyboardShortcuts in Frameworks */ = {isa = PBXBuildFile; productRef = E1A261112CC143AC00B233D1 /* KeyboardShortcuts */; };
		E1ADD45A2CC5352A00303ECB /* LaunchAtLogin in Frameworks */ = {isa = PBXBuildFile; productRef = E1ADD4592CC5352A00303ECB /* LaunchAtLogin */; };
		E1BBBDCC2EB0DF6700C3ABFE /* SelectedTextKit in Frameworks */ = {isa = PBXBuildFile; productRef = E1BBBDCB2EB0DF6700C3ABFE /* SelectedTextKit */; };
		E1D7EF992E35E16C00640029 /* MediaRemoteAdapter in Frameworks */ = {isa = PBXBuildFile; productRef = E1D7EF982E35E16C00640029 /* MediaRemoteAdapter */; };
		E1D7EF9A2E35E19B00640029 /* MediaRemoteAdapter in Embed Frameworks */ = {isa = PBXBuildFile; productRef = E1D7EF982E35E16C00640029 /* MediaRemoteAdapter */; settings = {ATTRIBUTES = (CodeSignOnCopy, ); }; };
		E1ECEC162E44591300DFFBA8 /* Zip in Frameworks */ = {isa = PBXBuildFile; productRef = E1ECEC152E44591300DFFBA8 /* Zip */; };
/* End PBXBuildFile section */

/* Begin PBXCopyFilesBuildPhase section */
		E1A8C8CD2E1257B7003E58EC /* Embed Frameworks */ = {
			isa = PBXCopyFilesBuildPhase;
			buildActionMask = 2147483647;
			dstPath = "";
			dstSubfolderSpec = 10;
			files = (
				9AC96B402ED82DF700BAD6ED /* whisper.xcframework in Embed Frameworks */,
				E1D7EF9A2E35E19B00640029 /* MediaRemoteAdapter in Embed Frameworks */,
			);
			name = "Embed Frameworks";
			runOnlyForDeploymentPostprocessing = 0;
		};
/* End PBXCopyFilesBuildPhase section */

/* Begin PBXFileReference section */
		9AC96B3D2ED82D4D00BAD6ED /* whisper.xcframework */ = {isa = PBXFileReference; lastKnownFileType = wrapper.xcframework; path = whisper.xcframework; sourceTree = "<group>"; };
		E11473B02CBE0F0A00318EE4 /* TypeFree.app */ = {isa = PBXFileReference; explicitFileType = wrapper.application; includeInIndex = 0; path = TypeFree.app; sourceTree = BUILT_PRODUCTS_DIR; };
/* End PBXFileReference section */

/* Begin PBXFileSystemSynchronizedBuildFileExceptionSet section */
		9AC96B412ED836FE00BAD6ED /* Exceptions for "TypeFree" folder in "TypeFree" target */ = {
			isa = PBXFileSystemSynchronizedBuildFileExceptionSet;
			membershipExceptions = (
				Info.plist,
			);
			target = E11473AF2CBE0F0A00318EE4 /* TypeFree */;
		};
/* End PBXFileSystemSynchronizedBuildFileExceptionSet section */

/* Begin PBXFileSystemSynchronizedRootGroup section */
		E11473B22CBE0F0A00318EE4 /* TypeFree */ = {
			isa = PBXFileSystemSynchronizedRootGroup;
			exceptions = (
				9AC96B412ED836FE00BAD6ED /* Exceptions for "TypeFree" folder in "TypeFree" target */,
			);
			path = TypeFree;
			sourceTree = "<group>";
		};
/* End PBXFileSystemSynchronizedRootGroup section */

/* Begin PBXFrameworksBuildPhase section */
		E11473AD2CBE0F0A00318EE4 /* Frameworks */ = {
			isa = PBXFrameworksBuildPhase;
			buildActionMask = 2147483647;
			files = (
				E1342C1F2EB4844800CED8A2 /* Atomics in Frameworks */,
				9AC96B3F2ED82DF700BAD6ED /* whisper.xcframework in Frameworks */,
				E1ECEC162E44591300DFFBA8 /* Zip in Frameworks */,
				E1ADD45A2CC5352A00303ECB /* LaunchAtLogin in Frameworks */,
				E11BBA4E2E5DC555000AB839 /* FluidAudio in Frameworks */,
				E1D7EF992E35E16C00640029 /* MediaRemoteAdapter in Frameworks */,
				E1BBBDCC2EB0DF6700C3ABFE /* SelectedTextKit in Frameworks */,
				E1A261122CC143AC00B233D1 /* KeyboardShortcuts in Frameworks */,
			);
			runOnlyForDeploymentPostprocessing = 0;
		};
/* End PBXFrameworksBuildPhase section */

/* Begin PBXGroup section */
		E11473A72CBE0F0A00318EE4 = {
			isa = PBXGroup;
			children = (
				E11473B22CBE0F0A00318EE4 /* TypeFree */,
				E114741C2CBE1DE200318EE4 /* Frameworks */,
				E11473B12CBE0F0A00318EE4 /* Products */,
			);
			sourceTree = "<group>";
		};
		E11473B12CBE0F0A00318EE4 /* Products */ = {
			isa = PBXGroup;
			children = (
				E11473B02CBE0F0A00318EE4 /* TypeFree.app */,
			);
			name = Products;
			sourceTree = "<group>";
		};
		E114741C2CBE1DE200318EE4 /* Frameworks */ = {
			isa = PBXGroup;
			children = (
				9AC96B3D2ED82D4D00BAD6ED /* whisper.xcframework */,
			);
			name = Frameworks;
			sourceTree = "<group>";
		};
/* End PBXGroup section */

/* Begin PBXNativeTarget section */
		E11473AF2CBE0F0A00318EE4 /* TypeFree */ = {
			isa = PBXNativeTarget;
			buildConfigurationList = E11473D72CBE0F0B00318EE4 /* Build configuration list for PBXNativeTarget "TypeFree" */;
			buildPhases = (
				E11473AC2CBE0F0A00318EE4 /* Sources */,
				E11473AD2CBE0F0A00318EE4 /* Frameworks */,
				E11473AE2CBE0F0A00318EE4 /* Resources */,
				E1A8C8CD2E1257B7003E58EC /* Embed Frameworks */,
			);
			buildRules = (
			);
			dependencies = (
			);
			fileSystemSynchronizedGroups = (
				E11473B22CBE0F0A00318EE4 /* TypeFree */,
			);
			name = TypeFree;
			packageProductDependencies = (
				E1A261112CC143AC00B233D1 /* KeyboardShortcuts */,
				E1ADD4592CC5352A00303ECB /* LaunchAtLogin */,
				E1D7EF982E35E16C00640029 /* MediaRemoteAdapter */,
				E1ECEC152E44591300DFFBA8 /* Zip */,
				E11BBA4D2E5DC555000AB839 /* FluidAudio */,
				E1BBBDCB2EB0DF6700C3ABFE /* SelectedTextKit */,
				E1342C1E2EB4844800CED8A2 /* Atomics */,
			);
			productName = TypeFree;
			productReference = E11473B02CBE0F0A00318EE4 /* TypeFree.app */;
			productType = "com.apple.product-type.application";
		};
/* End PBXNativeTarget section */

/* Begin PBXProject section */
		E11473A82CBE0F0A00318EE4 /* Project object */ = {
			isa = PBXProject;
			attributes = {
				BuildIndependentTargetsInParallel = 1;
				LastSwiftUpdateCheck = 1600;
				LastUpgradeCheck = 2610;
				TargetAttributes = {
					E11473AF2CBE0F0A00318EE4 = {
						CreatedOnToolsVersion = 16.0;
					};
				};
			};
			buildConfigurationList = E11473AB2CBE0F0A00318EE4 /* Build configuration list for PBXProject "TypeFree" */;
			developmentRegion = en;
			hasScannedForEncodings = 0;
			knownRegions = (
				en,
				Base,
				"zh-Hans",
			);
			mainGroup = E11473A72CBE0F0A00318EE4;
			minimizedProjectReferenceProxies = 1;
			packageReferences = (
				E1A261102CC143AC00B233D1 /* XCRemoteSwiftPackageReference "KeyboardShortcuts" */,
				E1ADD4582CC5352A00303ECB /* XCRemoteSwiftPackageReference "LaunchAtLogin-Modern" */,
				E1D7EF972E35E16C00640029 /* XCRemoteSwiftPackageReference "mediaremote-adapter" */,
				E1ECEC142E44590200DFFBA8 /* XCRemoteSwiftPackageReference "Zip" */,
				E11BBA4C2E5DC555000AB839 /* XCRemoteSwiftPackageReference "FluidAudio" */,
				E1BBBDCA2EB0DF6700C3ABFE /* XCRemoteSwiftPackageReference "SelectedTextKit" */,
				E1342C1D2EB4844800CED8A2 /* XCRemoteSwiftPackageReference "swift-atomics" */,
			);
			preferredProjectObjectVersion = 77;
			productRefGroup = E11473B12CBE0F0A00318EE4 /* Products */;
			projectDirPath = "";
			projectRoot = "";
			targets = (
				E11473AF2CBE0F0A00318EE4 /* TypeFree */,
			);
		};
/* End PBXProject section */

/* Begin PBXResourcesBuildPhase section */
		E11473AE2CBE0F0A00318EE4 /* Resources */ = {
			isa = PBXResourcesBuildPhase;
			buildActionMask = 2147483647;
			files = (
			);
			runOnlyForDeploymentPostprocessing = 0;
		};
/* End PBXResourcesBuildPhase section */

/* Begin PBXSourcesBuildPhase section */
		E11473AC2CBE0F0A00318EE4 /* Sources */ = {
			isa = PBXSourcesBuildPhase;
			buildActionMask = 2147483647;
			files = (
			);
			runOnlyForDeploymentPostprocessing = 0;
		};
/* End PBXSourcesBuildPhase section */

/* Begin XCBuildConfiguration section */
		E11473D52CBE0F0B00318EE4 /* Debug */ = {
			isa = XCBuildConfiguration;
			buildSettings = {
				ALWAYS_SEARCH_USER_PATHS = NO;
				ASSETCATALOG_COMPILER_GENERATE_SWIFT_ASSET_SYMBOL_EXTENSIONS = YES;
				CLANG_ANALYZER_LOCALIZABILITY_NONLOCALIZED = YES;
				CLANG_ANALYZER_NONNULL = YES;
				CLANG_ANALYZER_NUMBER_OBJECT_CONVERSION = YES_AGGRESSIVE;
				CLANG_CXX_LANGUAGE_STANDARD = "gnu++20";
				CLANG_ENABLE_MODULES = YES;
				CLANG_ENABLE_OBJC_ARC = YES;
				CLANG_ENABLE_OBJC_WEAK = YES;
				CLANG_WARN_BLOCK_CAPTURE_AUTORELEASING = YES;
				CLANG_WARN_BOOL_CONVERSION = YES;
				CLANG_WARN_COMMA = YES;
				CLANG_WARN_CONSTANT_CONVERSION = YES;
				CLANG_WARN_DEPRECATED_OBJC_IMPLEMENTATIONS = YES;
				CLANG_WARN_DIRECT_OBJC_ISA_USAGE = YES_ERROR;
				CLANG_WARN_DOCUMENTATION_COMMENTS = YES;
				CLANG_WARN_EMPTY_BODY = YES;
				CLANG_WARN_ENUM_CONVERSION = YES;
				CLANG_WARN_INFINITE_RECURSION = YES;
				CLANG_WARN_INT_CONVERSION = YES;
				CLANG_WARN_NON_LITERAL_NULL_CONVERSION = YES;
				CLANG_WARN_OBJC_IMPLICIT_RETAIN_SELF = YES;
				CLANG_WARN_OBJC_LITERAL_CONVERSION = YES;
				CLANG_WARN_OBJC_ROOT_CLASS = YES_ERROR;
				CLANG_WARN_QUOTED_INCLUDE_IN_FRAMEWORK_HEADER = YES;
				CLANG_WARN_RANGE_LOOP_ANALYSIS = YES;
				CLANG_WARN_STRICT_PROTOTYPES = YES;
				CLANG_WARN_SUSPICIOUS_MOVE = YES;
				CLANG_WARN_UNGUARDED_AVAILABILITY = YES_AGGRESSIVE;
				CLANG_WARN_UNREACHABLE_CODE = YES;
				CLANG_WARN__DUPLICATE_METHOD_MATCH = YES;
				COPY_PHASE_STRIP = NO;
				DEAD_CODE_STRIPPING = YES;
				DEBUG_INFORMATION_FORMAT = dwarf;
				DEVELOPMENT_TEAM = SRD476XUQA;
				ENABLE_STRICT_OBJC_MSGSEND = YES;
				ENABLE_TESTABILITY = YES;
				ENABLE_USER_SCRIPT_SANDBOXING = YES;
				GCC_C_LANGUAGE_STANDARD = gnu17;
				GCC_DYNAMIC_NO_PIC = NO;
				GCC_NO_COMMON_BLOCKS = YES;
				GCC_OPTIMIZATION_LEVEL = 0;
				GCC_PREPROCESSOR_DEFINITIONS = (
					"DEBUG=1",
					"$(inherited)",
				);
				GCC_WARN_64_TO_32_BIT_CONVERSION = YES;
				GCC_WARN_ABOUT_RETURN_TYPE = YES_ERROR;
				GCC_WARN_UNDECLARED_SELECTOR = YES;
				GCC_WARN_UNINITIALIZED_AUTOS = YES_AGGRESSIVE;
				GCC_WARN_UNUSED_FUNCTION = YES;
				GCC_WARN_UNUSED_VARIABLE = YES;
				LOCALIZATION_PREFERS_STRING_CATALOGS = YES;
				MACOSX_DEPLOYMENT_TARGET = 15.0;
				MTL_ENABLE_DEBUG_INFO = INCLUDE_SOURCE;
				MTL_FAST_MATH = YES;
				ONLY_ACTIVE_ARCH = YES;
				SDKROOT = macosx;
				STRING_CATALOG_GENERATE_SYMBOLS = YES;
				SWIFT_ACTIVE_COMPILATION_CONDITIONS = "DEBUG ENABLE_NATIVE_SPEECH_ANALYZER $(inherited)";
				SWIFT_EMIT_LOC_STRINGS = YES;
				SWIFT_OPTIMIZATION_LEVEL = "-Onone";
				SWIFT_VERSION = "";
			};
			name = Debug;
		};
		E11473D62CBE0F0B00318EE4 /* Release */ = {
			isa = XCBuildConfiguration;
			buildSettings = {
				ALWAYS_SEARCH_USER_PATHS = NO;
				ASSETCATALOG_COMPILER_GENERATE_SWIFT_ASSET_SYMBOL_EXTENSIONS = YES;
				CLANG_ANALYZER_LOCALIZABILITY_NONLOCALIZED = YES;
				CLANG_ANALYZER_NONNULL = YES;
				CLANG_ANALYZER_NUMBER_OBJECT_CONVERSION = YES_AGGRESSIVE;
				CLANG_CXX_LANGUAGE_STANDARD = "gnu++20";
				CLANG_ENABLE_MODULES = YES;
				CLANG_ENABLE_OBJC_ARC = YES;
				CLANG_ENABLE_OBJC_WEAK = YES;
				CLANG_WARN_BLOCK_CAPTURE_AUTORELEASING = YES;
				CLANG_WARN_BOOL_CONVERSION = YES;
				CLANG_WARN_COMMA = YES;
				CLANG_WARN_CONSTANT_CONVERSION = YES;
				CLANG_WARN_DEPRECATED_OBJC_IMPLEMENTATIONS = YES;
				CLANG_WARN_DIRECT_OBJC_ISA_USAGE = YES_ERROR;
				CLANG_WARN_DOCUMENTATION_COMMENTS = YES;
				CLANG_WARN_EMPTY_BODY = YES;
				CLANG_WARN_ENUM_CONVERSION = YES;
				CLANG_WARN_INFINITE_RECURSION = YES;
				CLANG_WARN_INT_CONVERSION = YES;
				CLANG_WARN_NON_LITERAL_NULL_CONVERSION = YES;
				CLANG_WARN_OBJC_IMPLICIT_RETAIN_SELF = YES;
				CLANG_WARN_OBJC_LITERAL_CONVERSION = YES;
				CLANG_WARN_OBJC_ROOT_CLASS = YES_ERROR;
				CLANG_WARN_QUOTED_INCLUDE_IN_FRAMEWORK_HEADER = YES;
				CLANG_WARN_RANGE_LOOP_ANALYSIS = YES;
				CLANG_WARN_STRICT_PROTOTYPES = YES;
				CLANG_WARN_SUSPICIOUS_MOVE = YES;
				CLANG_WARN_UNGUARDED_AVAILABILITY = YES_AGGRESSIVE;
				CLANG_WARN_UNREACHABLE_CODE = YES;
				CLANG_WARN__DUPLICATE_METHOD_MATCH = YES;
				COPY_PHASE_STRIP = NO;
				DEAD_CODE_STRIPPING = YES;
				DEBUG_INFORMATION_FORMAT = "dwarf-with-dsym";
				DEVELOPMENT_TEAM = SRD476XUQA;
				ENABLE_NS_ASSERTIONS = NO;
				ENABLE_STRICT_OBJC_MSGSEND = YES;
				ENABLE_USER_SCRIPT_SANDBOXING = YES;
				GCC_C_LANGUAGE_STANDARD = gnu17;
				GCC_NO_COMMON_BLOCKS = YES;
				GCC_WARN_64_TO_32_BIT_CONVERSION = YES;
				GCC_WARN_ABOUT_RETURN_TYPE = YES_ERROR;
				GCC_WARN_UNDECLARED_SELECTOR = YES;
				GCC_WARN_UNINITIALIZED_AUTOS = YES_AGGRESSIVE;
				GCC_WARN_UNUSED_FUNCTION = YES;
				GCC_WARN_UNUSED_VARIABLE = YES;
				LOCALIZATION_PREFERS_STRING_CATALOGS = YES;
				MACOSX_DEPLOYMENT_TARGET = 15.0;
				MTL_ENABLE_DEBUG_INFO = NO;
				MTL_FAST_MATH = YES;
				SDKROOT = macosx;
				STRING_CATALOG_GENERATE_SYMBOLS = YES;
				SWIFT_ACTIVE_COMPILATION_CONDITIONS = "ENABLE_NATIVE_SPEECH_ANALYZER $(inherited)";
				SWIFT_COMPILATION_MODE = wholemodule;
				SWIFT_EMIT_LOC_STRINGS = YES;
				SWIFT_VERSION = "";
			};
			name = Release;
		};
		E11473D82CBE0F0B00318EE4 /* Debug */ = {
			isa = XCBuildConfiguration;
			buildSettings = {
				ARCHS = "$(ARCHS_STANDARD)";
				ASSETCATALOG_COMPILER_APPICON_NAME = AppIcon;
				ASSETCATALOG_COMPILER_GLOBAL_ACCENT_COLOR_NAME = AccentColor;
				AUTOMATION_APPLE_EVENTS = YES;
				CODE_SIGN_ENTITLEMENTS = TypeFree/TypeFree.entitlements;
				"CODE_SIGN_IDENTITY[sdk=macosx*]" = "Apple Development";
				CODE_SIGN_STYLE = Automatic;
				COMBINE_HIDPI_IMAGES = YES;
				CURRENT_PROJECT_VERSION = 1;
				DEAD_CODE_STRIPPING = YES;
				DEVELOPMENT_ASSET_PATHS = "\"TypeFree/Preview Content\"";
				ENABLE_APP_SANDBOX = YES;
				ENABLE_HARDENED_RUNTIME = YES;
				ENABLE_INCOMING_NETWORK_CONNECTIONS = YES;
				ENABLE_OUTGOING_NETWORK_CONNECTIONS = YES;
				ENABLE_PREVIEWS = YES;
				ENABLE_RESOURCE_ACCESS_AUDIO_INPUT = YES;
				ENABLE_USER_SELECTED_FILES = readonly;
				GENERATE_INFOPLIST_FILE = YES;
				INFOPLIST_FILE = TypeFree/Info.plist;
				INFOPLIST_KEY_CFBundleDisplayName = TypeFree;
				INFOPLIST_KEY_LSApplicationCategoryType = "public.app-category.productivity";
				INFOPLIST_KEY_LSUIElement = NO;
				INFOPLIST_KEY_NSAppleEventsUsageDescription = "TypeFree needs to interact with your browser to detect the current website for applying website-specific configurations.";
				INFOPLIST_KEY_NSHumanReadableCopyright = "";
				INFOPLIST_KEY_NSMicrophoneUsageDescription = "TypeFree needs access to your microphone to record audio for transcription.";
				LD_RUNPATH_SEARCH_PATHS = (
					"$(inherited)",
					"@executable_path/../Frameworks",
				);
				MACOSX_DEPLOYMENT_TARGET = 14.0;
				MARKETING_VERSION = 1;
				PRODUCT_BUNDLE_IDENTIFIER = dev.zhangyu.typefree;
				PRODUCT_NAME = "$(TARGET_NAME)";
				SWIFT_ACTIVE_COMPILATION_CONDITIONS = "DEBUG ENABLE_NATIVE_SPEECH_ANALYZER $(inherited)";
				SWIFT_EMIT_LOC_STRINGS = YES;
				SWIFT_VERSION = 5.0;
			};
			name = Debug;
		};
		E11473D92CBE0F0B00318EE4 /* Release */ = {
			isa = XCBuildConfiguration;
			buildSettings = {
				ARCHS = "$(ARCHS_STANDARD)";
				ASSETCATALOG_COMPILER_APPICON_NAME = AppIcon;
				ASSETCATALOG_COMPILER_GLOBAL_ACCENT_COLOR_NAME = AccentColor;
				AUTOMATION_APPLE_EVENTS = YES;
				CODE_SIGN_ENTITLEMENTS = TypeFree/TypeFree.entitlements;
				"CODE_SIGN_IDENTITY[sdk=macosx*]" = "Apple Development";
				CODE_SIGN_STYLE = Automatic;
				COMBINE_HIDPI_IMAGES = YES;
				CURRENT_PROJECT_VERSION = 1;
				DEAD_CODE_STRIPPING = YES;
				DEVELOPMENT_ASSET_PATHS = "\"TypeFree/Preview Content\"";
				ENABLE_APP_SANDBOX = YES;
				ENABLE_HARDENED_RUNTIME = YES;
				ENABLE_INCOMING_NETWORK_CONNECTIONS = YES;
				ENABLE_OUTGOING_NETWORK_CONNECTIONS = YES;
				ENABLE_PREVIEWS = YES;
				ENABLE_RESOURCE_ACCESS_AUDIO_INPUT = YES;
				ENABLE_USER_SELECTED_FILES = readonly;
				GENERATE_INFOPLIST_FILE = YES;
				INFOPLIST_FILE = TypeFree/Info.plist;
				INFOPLIST_KEY_CFBundleDisplayName = TypeFree;
				INFOPLIST_KEY_LSApplicationCategoryType = "public.app-category.productivity";
				INFOPLIST_KEY_LSUIElement = NO;
				INFOPLIST_KEY_NSAppleEventsUsageDescription = "TypeFree needs to interact with your browser to detect the current website for applying website-specific configurations.";
				INFOPLIST_KEY_NSHumanReadableCopyright = "";
				INFOPLIST_KEY_NSMicrophoneUsageDescription = "TypeFree needs access to your microphone to record audio for transcription.";
				LD_RUNPATH_SEARCH_PATHS = (
					"$(inherited)",
					"@executable_path/../Frameworks",
				);
				MACOSX_DEPLOYMENT_TARGET = 14.0;
				MARKETING_VERSION = 1;
				PRODUCT_BUNDLE_IDENTIFIER = dev.zhangyu.typefree;
				PRODUCT_NAME = "$(TARGET_NAME)";
				SWIFT_ACTIVE_COMPILATION_CONDITIONS = "ENABLE_NATIVE_SPEECH_ANALYZER $(inherited)";
				SWIFT_EMIT_LOC_STRINGS = YES;
				SWIFT_VERSION = 5.0;
			};
			name = Release;
		};
/* End XCBuildConfiguration section */

/* Begin XCConfigurationList section */
		E11473AB2CBE0F0A00318EE4 /* Build configuration list for PBXProject "TypeFree" */ = {
			isa = XCConfigurationList;
			buildConfigurations = (
				E11473D52CBE0F0B00318EE4 /* Debug */,
				E11473D62CBE0F0B00318EE4 /* Release */,
			);
			defaultConfigurationIsVisible = 0;
			defaultConfigurationName = Release;
		};
		E11473D72CBE0F0B00318EE4 /* Build configuration list for PBXNativeTarget "TypeFree" */ = {
			isa = XCConfigurationList;
			buildConfigurations = (
				E11473D82CBE0F0B00318EE4 /* Debug */,
				E11473D92CBE0F0B00318EE4 /* Release */,
			);
			defaultConfigurationIsVisible = 0;
			defaultConfigurationName = Release;
		};
/* End XCConfigurationList section */

/* Begin XCRemoteSwiftPackageReference section */
		E11BBA4C2E5DC555000AB839 /* XCRemoteSwiftPackageReference "FluidAudio" */ = {
			isa = XCRemoteSwiftPackageReference;
			repositoryURL = "https://github.com/FluidInference/FluidAudio";
			requirement = {
				branch = main;
				kind = branch;
			};
		};
		E1342C1D2EB4844800CED8A2 /* XCRemoteSwiftPackageReference "swift-atomics" */ = {
			isa = XCRemoteSwiftPackageReference;
			repositoryURL = "https://github.com/apple/swift-atomics.git";
			requirement = {
				kind = upToNextMajorVersion;
				minimumVersion = 1.3.0;
			};
		};
		E1A261102CC143AC00B233D1 /* XCRemoteSwiftPackageReference "KeyboardShortcuts" */ = {
			isa = XCRemoteSwiftPackageReference;
			repositoryURL = "https://github.com/sindresorhus/KeyboardShortcuts";
			requirement = {
				kind = upToNextMajorVersion;
				minimumVersion = 2.2.0;
			};
		};
		E1ADD4582CC5352A00303ECB /* XCRemoteSwiftPackageReference "LaunchAtLogin-Modern" */ = {
			isa = XCRemoteSwiftPackageReference;
			repositoryURL = "https://github.com/sindresorhus/LaunchAtLogin-Modern";
			requirement = {
				branch = main;
				kind = branch;
			};
		};
		E1BBBDCA2EB0DF6700C3ABFE /* XCRemoteSwiftPackageReference "SelectedTextKit" */ = {
			isa = XCRemoteSwiftPackageReference;
			repositoryURL = "https://github.com/tisfeng/SelectedTextKit";
			requirement = {
				kind = revision;
				revision = f6c1574ad6f747e1110b544c35e6ec64ed6f52f1;
			};
		};
		E1D7EF972E35E16C00640029 /* XCRemoteSwiftPackageReference "mediaremote-adapter" */ = {
			isa = XCRemoteSwiftPackageReference;
			repositoryURL = "https://github.com/ejbills/mediaremote-adapter";
			requirement = {
				branch = master;
				kind = branch;
			};
		};
		E1ECEC142E44590200DFFBA8 /* XCRemoteSwiftPackageReference "Zip" */ = {
			isa = XCRemoteSwiftPackageReference;
			repositoryURL = "https://github.com/marmelroy/Zip";
			requirement = {
				kind = upToNextMajorVersion;
				minimumVersion = 2.1.2;
			};
		};
/* End XCRemoteSwiftPackageReference section */

/* Begin XCSwiftPackageProductDependency section */
		E11BBA4D2E5DC555000AB839 /* FluidAudio */ = {
			isa = XCSwiftPackageProductDependency;
			package = E11BBA4C2E5DC555000AB839 /* XCRemoteSwiftPackageReference "FluidAudio" */;
			productName = FluidAudio;
		};
		E1342C1E2EB4844800CED8A2 /* Atomics */ = {
			isa = XCSwiftPackageProductDependency;
			package = E1342C1D2EB4844800CED8A2 /* XCRemoteSwiftPackageReference "swift-atomics" */;
			productName = Atomics;
		};
		E1A261112CC143AC00B233D1 /* KeyboardShortcuts */ = {
			isa = XCSwiftPackageProductDependency;
			package = E1A261102CC143AC00B233D1 /* XCRemoteSwiftPackageReference "KeyboardShortcuts" */;
			productName = KeyboardShortcuts;
		};
		E1ADD4592CC5352A00303ECB /* LaunchAtLogin */ = {
			isa = XCSwiftPackageProductDependency;
			package = E1ADD4582CC5352A00303ECB /* XCRemoteSwiftPackageReference "LaunchAtLogin-Modern" */;
			productName = LaunchAtLogin;
		};
		E1BBBDCB2EB0DF6700C3ABFE /* SelectedTextKit */ = {
			isa = XCSwiftPackageProductDependency;
			package = E1BBBDCA2EB0DF6700C3ABFE /* XCRemoteSwiftPackageReference "SelectedTextKit" */;
			productName = SelectedTextKit;
		};
		E1D7EF982E35E16C00640029 /* MediaRemoteAdapter */ = {
			isa = XCSwiftPackageProductDependency;
			package = E1D7EF972E35E16C00640029 /* XCRemoteSwiftPackageReference "mediaremote-adapter" */;
			productName = MediaRemoteAdapter;
		};
		E1ECEC152E44591300DFFBA8 /* Zip */ = {
			isa = XCSwiftPackageProductDependency;
			package = E1ECEC142E44590200DFFBA8 /* XCRemoteSwiftPackageReference "Zip" */;
			productName = Zip;
		};
/* End XCSwiftPackageProductDependency section */
	};
	rootObject = E11473A82CBE0F0A00318EE4 /* Project object */;
}
